{
  "originHash" : "1eb2e781ce3a8c3ba35e89be0fc9bcae11ce6df9f9885a575e641f46d7081ed7",
  "pins" : [
    {
      "identity" : "kadr",
      "kind" : "remoteSourceControl",
      "location" : "https://github.com/SteliyanH/kadr.git",
      "state" : {
        "revision" : "d822c6b2461c653c678428bdc598993191c23de1",
        "version" : "1.0.0"
      }
    }
  ],
  "version" : 3
}
